<?xml version="1.0" encoding="utf-8"?>
<Project ToolsVersion="4.0" xmlns="http://schemas.microsoft.com/developer/msbuild/2003">
  <ItemGroup>
    <Filter Include="Source Files">
      <UniqueIdentifier>{4FC737F1-C7A5-4376-A066-2A32D752A2FF}</UniqueIdentifier>
      <Extensions>cpp;c;cc;cxx;c++;cppm;ixx;def;odl;idl;hpj;bat;asm;asmx</Extensions>
    </Filter>
    <Filter Include="Header Files">
      <UniqueIdentifier>{93995380-89BD-4b04-88EB-625FBE52EBFB}</UniqueIdentifier>
      <Extensions>h;hh;hpp;hxx;h++;hm;inl;inc;ipp;xsd</Extensions>
    </Filter>
    <Filter Include="Resource Files">
      <UniqueIdentifier>{67DA6AB6-F800-4c08-8B7A-83BB121AAD01}</UniqueIdentifier>
      <Extensions>rc;ico;cur;bmp;dlg;rc2;rct;bin;rgs;gif;jpg;jpeg;jpe;resx;tiff;tif;png;wav;mfcribbon-ms</Extensions>
    </Filter>
    <Filter Include="Resource Files\Shaders">
      <UniqueIdentifier>{2b4957a9-2b82-4f7c-ad63-d7182fc84f9b}</UniqueIdentifier>
    </Filter>
    <Filter Include="Resource Files\Objects">
      <UniqueIdentifier>{8aa0b53a-ca68-47ee-b531-8a666518dd82}</UniqueIdentifier>
    </Filter>
  </ItemGroup>
  <ItemGroup>
    <ClCompile Include="Main.cpp">
      <Filter>Source Files</Filter>
    </ClCompile>
    <ClCompile Include="Ray.cpp">
      <Filter>Source Files</Filter>
    </ClCompile>
    <ClCompile Include="stb_image.cpp">
      <Filter>Source Files</Filter>
    </ClCompile>
    <ClCompile Include="TransformPlane.cpp">
      <Filter>Source Files</Filter>
    </ClCompile>
    <ClCompile Include="StateMachine\StateMachine.cpp">
      <Filter>Source Files</Filter>
    </ClCompile>
    <ClCompile Include="StateMachine\States\CameraMoveState.cpp">
      <Filter>Source Files</Filter>
    </ClCompile>
    <ClCompile Include="StateMachine\States\CameraRotateState.cpp">
      <Filter>Source Files</Filter>
    </ClCompile>
    <ClCompile Include="StateMachine\States\GrabState.cpp">
      <Filter>Source Files</Filter>
    </ClCompile>
    <ClCompile Include="StateMachine\States\RotateState.cpp">
      <Filter>Source Files</Filter>
    </ClCompile>
    <ClCompile Include="StateMachine\States\SelectedState.cpp">
      <Filter>Source Files</Filter>
    </ClCompile>
    <ClCompile Include="StateMachine\States\State.cpp">
      <Filter>Source Files</Filter>
    </ClCompile>
    <ClCompile Include="StateMachine\States\TransformState.cpp">
      <Filter>Source Files</Filter>
    </ClCompile>
    <ClCompile Include="Components\Component.cpp">
      <Filter>Source Files</Filter>
    </ClCompile>
    <ClCompile Include="Components\MeshRenderer.cpp">
      <Filter>Source Files</Filter>
    </ClCompile>
    <ClCompile Include="Components\SpriteRenderer.cpp">
      <Filter>Source Files</Filter>
    </ClCompile>
    <ClCompile Include="Components\Transform.cpp">
      <Filter>Source Files</Filter>
    </ClCompile>
    <ClCompile Include="Components\Physics\RigidBody.cpp">
      <Filter>Source Files</Filter>
    </ClCompile>
    <ClCompile Include="Components\EditorCollider.cpp">
      <Filter>Source Files</Filter>
    </ClCompile>
    <ClCompile Include="IK\IKJoint.cpp">
      <Filter>Source Files</Filter>
    </ClCompile>
    <ClCompile Include="IK\KinematicChain.cpp">
      <Filter>Source Files</Filter>
    </ClCompile>
    <ClCompile Include="Physics\PhysicsWorld.cpp">
      <Filter>Source Files</Filter>
    </ClCompile>
    <ClCompile Include="Physics\Ragdoll.cpp">
      <Filter>Source Files</Filter>
    </ClCompile>
    <ClCompile Include="Physics\RigidBodyRegistry.cpp">
      <Filter>Source Files</Filter>
    </ClCompile>
    <ClCompile Include="Rendering\BulletGizmos.cpp">
      <Filter>Source Files</Filter>
    </ClCompile>
    <ClCompile Include="Rendering\Camera.cpp">
      <Filter>Source Files</Filter>
    </ClCompile>
    <ClCompile Include="Rendering\Gizmos.cpp">
      <Filter>Source Files</Filter>
    </ClCompile>
    <ClCompile Include="Rendering\glad.c">
      <Filter>Source Files</Filter>
    </ClCompile>
    <ClCompile Include="Rendering\Grid.cpp">
      <Filter>Source Files</Filter>
    </ClCompile>
    <ClCompile Include="Rendering\Lighting.cpp">
      <Filter>Source Files</Filter>
    </ClCompile>
    <ClCompile Include="Rendering\Material.cpp">
      <Filter>Source Files</Filter>
    </ClCompile>
    <ClCompile Include="Rendering\Mesh.cpp">
      <Filter>Source Files</Filter>
    </ClCompile>
    <ClCompile Include="Rendering\MeshLoader.cpp">
      <Filter>Source Files</Filter>
    </ClCompile>
    <ClCompile Include="Rendering\Shader.cpp">
      <Filter>Source Files</Filter>
    </ClCompile>
    <ClCompile Include="Rendering\Texture.cpp">
      <Filter>Source Files</Filter>
    </ClCompile>
    <ClCompile Include="Scene\Scene.cpp">
      <Filter>Source Files</Filter>
    </ClCompile>
    <ClCompile Include="Core\Object.cpp">
      <Filter>Source Files</Filter>
    </ClCompile>
    <ClCompile Include="Rendering\Buffers\EBO.cpp">
      <Filter>Source Files</Filter>
    </ClCompile>
    <ClCompile Include="Rendering\Buffers\VAO.cpp">
      <Filter>Source Files</Filter>
    </ClCompile>
    <ClCompile Include="Rendering\Buffers\VBO.cpp">
      <Filter>Source Files</Filter>
    </ClCompile>
    <ClCompile Include="Core\PrintClass.cpp">
      <Filter>Source Files</Filter>
    </ClCompile>
    <ClCompile Include="Window\Window.cpp">
      <Filter>Source Files</Filter>
    </ClCompile>
  </ItemGroup>
  <ItemGroup>
    <ClInclude Include="Ray.h">
      <Filter>Header Files</Filter>
    </ClInclude>
    <ClInclude Include="TransformPlane.h">
      <Filter>Header Files</Filter>
    </ClInclude>
    <ClInclude Include="Hit.h">
      <Filter>Header Files</Filter>
    </ClInclude>
    <ClInclude Include="StateMachine\StateMachine.h">
      <Filter>Header Files</Filter>
    </ClInclude>
    <ClInclude Include="StateMachine\States\CameraMoveState.h">
      <Filter>Header Files</Filter>
    </ClInclude>
    <ClInclude Include="StateMachine\States\CameraRotateState.h">
      <Filter>Header Files</Filter>
    </ClInclude>
    <ClInclude Include="StateMachine\States\GrabState.h">
      <Filter>Header Files</Filter>
    </ClInclude>
    <ClInclude Include="StateMachine\States\RotateState.h">
      <Filter>Header Files</Filter>
    </ClInclude>
    <ClInclude Include="StateMachine\States\SelectedState.h">
      <Filter>Header Files</Filter>
    </ClInclude>
    <ClInclude Include="StateMachine\States\State.h">
      <Filter>Header Files</Filter>
    </ClInclude>
    <ClInclude Include="StateMachine\States\TransformState.h">
      <Filter>Header Files</Filter>
    </ClInclude>
    <ClInclude Include="Components\Component.h">
      <Filter>Header Files</Filter>
    </ClInclude>
    <ClInclude Include="Components\MeshRenderer.h">
      <Filter>Header Files</Filter>
    </ClInclude>
    <ClInclude Include="Components\SpriteRenderer.h">
      <Filter>Header Files</Filter>
    </ClInclude>
    <ClInclude Include="Components\Transform.h">
      <Filter>Header Files</Filter>
    </ClInclude>
    <ClInclude Include="Components\Physics\Collider.h">
      <Filter>Header Files</Filter>
    </ClInclude>
    <ClInclude Include="Components\Physics\RigidBody.h">
      <Filter>Header Files</Filter>
    </ClInclude>
    <ClInclude Include="Components\Physics\BoxCollider.h">
      <Filter>Header Files</Filter>
    </ClInclude>
    <ClInclude Include="Components\Physics\CapsuleCollider.h">
      <Filter>Header Files</Filter>
    </ClInclude>
    <ClInclude Include="Components\Physics\PlaneCollider.h">
      <Filter>Header Files</Filter>
    </ClInclude>
    <ClInclude Include="Components\Physics\SphereCollider.h">
      <Filter>Header Files</Filter>
    </ClInclude>
    <ClInclude Include="Components\EditorCollider.h">
      <Filter>Header Files</Filter>
    </ClInclude>
    <ClInclude Include="IK\IKJoint.h">
      <Filter>Header Files</Filter>
    </ClInclude>
    <ClInclude Include="IK\KinematicChain.h">
      <Filter>Header Files</Filter>
    </ClInclude>
    <ClInclude Include="Physics\Ragdoll.h">
      <Filter>Header Files</Filter>
    </ClInclude>
    <ClInclude Include="Physics\RigidBodyPicker.h">
      <Filter>Header Files</Filter>
    </ClInclude>
    <ClInclude Include="Physics\RigidBodyRegistry.h">
      <Filter>Header Files</Filter>
    </ClInclude>
    <ClInclude Include="Physics\PhysicsWorld.h">
      <Filter>Header Files</Filter>
    </ClInclude>
    <ClInclude Include="Rendering\BulletGizmos.h">
      <Filter>Header Files</Filter>
    </ClInclude>
    <ClInclude Include="Rendering\Camera.h">
      <Filter>Header Files</Filter>
    </ClInclude>
    <ClInclude Include="Rendering\Gizmos.h">
      <Filter>Header Files</Filter>
    </ClInclude>
    <ClInclude Include="Rendering\Grid.h">
      <Filter>Header Files</Filter>
    </ClInclude>
    <ClInclude Include="Rendering\Material.h">
      <Filter>Header Files</Filter>
    </ClInclude>
    <ClInclude Include="Rendering\Mesh.h">
      <Filter>Header Files</Filter>
    </ClInclude>
    <ClInclude Include="Rendering\MeshLoader.h">
      <Filter>Header Files</Filter>
    </ClInclude>
    <ClInclude Include="Rendering\MyBulletDebugDrawer.h">
      <Filter>Header Files</Filter>
    </ClInclude>
    <ClInclude Include="Rendering\OpenGLIncludes.h">
      <Filter>Header Files</Filter>
    </ClInclude>
    <ClInclude Include="Rendering\Shader.h">
      <Filter>Header Files</Filter>
    </ClInclude>
    <ClInclude Include="Rendering\Texture.h">
      <Filter>Header Files</Filter>
    </ClInclude>
    <ClInclude Include="Rendering\Vertex.h">
      <Filter>Header Files</Filter>
    </ClInclude>
    <ClInclude Include="Rendering\Lighting.h">
      <Filter>Header Files</Filter>
    </ClInclude>
    <ClInclude Include="Core\EmptyObject.h">
      <Filter>Header Files</Filter>
    </ClInclude>
    <ClInclude Include="Core\Object.h">
      <Filter>Header Files</Filter>
    </ClInclude>
    <ClInclude Include="Core\SceneEntity.h">
      <Filter>Header Files</Filter>
    </ClInclude>
    <ClInclude Include="Scene\ResourceManager.h">
      <Filter>Header Files</Filter>
    </ClInclude>
    <ClInclude Include="Scene\Scene.h">
      <Filter>Header Files</Filter>
    </ClInclude>
    <ClInclude Include="Rendering\Buffers\EBO.h">
      <Filter>Header Files</Filter>
    </ClInclude>
    <ClInclude Include="Rendering\Buffers\VAO.h">
      <Filter>Header Files</Filter>
    </ClInclude>
    <ClInclude Include="Rendering\Buffers\VBO.h">
      <Filter>Header Files</Filter>
    </ClInclude>
    <ClInclude Include="Core\PrintClass.h">
      <Filter>Header Files</Filter>
    </ClInclude>
    <ClInclude Include="Core\World.h">
      <Filter>Header Files</Filter>
    </ClInclude>
    <ClInclude Include="Window\Window.h">
      <Filter>Header Files</Filter>
    </ClInclude>
  </ItemGroup>
  <ItemGroup>
    <Text Include="Assets\Models\CapsuleJoint.txt">
      <Filter>Resource Files\Objects</Filter>
    </Text>
    <Text Include="Assets\Models\cone.txt">
      <Filter>Resource Files\Objects</Filter>
    </Text>
    <Text Include="Assets\Models\cubeFlat.txt">
      <Filter>Resource Files\Objects</Filter>
    </Text>
    <Text Include="Assets\Models\dragonSmooth.txt">
      <Filter>Resource Files\Objects</Filter>
    </Text>
    <Text Include="Assets\Models\dragonSmoothRotated.txt">
      <Filter>Resource Files\Objects</Filter>
    </Text>
    <Text Include="Assets\Models\frogSmooth.txt">
      <Filter>Resource Files\Objects</Filter>
    </Text>
    <Text Include="Assets\Models\joint.txt">
      <Filter>Resource Files\Objects</Filter>
    </Text>
    <Text Include="Assets\Models\joint1.txt">
      <Filter>Resource Files\Objects</Filter>
    </Text>
    <Text Include="Assets\Models\joint2.txt">
      <Filter>Resource Files\Objects</Filter>
    </Text>
    <Text Include="Assets\Models\joint3.txt">
      <Filter>Resource Files\Objects</Filter>
    </Text>
    <Text Include="Assets\Models\joint4.txt">
      <Filter>Resource Files\Objects</Filter>
    </Text>
    <Text Include="Assets\Models\planeFlat.txt">
      <Filter>Resource Files\Objects</Filter>
    </Text>
    <Text Include="Assets\Models\sphere.txt">
      <Filter>Resource Files\Objects</Filter>
    </Text>
    <Text Include="Assets\Models\teddyFlat.txt">
      <Filter>Resource Files\Objects</Filter>
    </Text>
    <Text Include="Assets\Models\templeFlat.txt">
      <Filter>Resource Files\Objects</Filter>
    </Text>
    <Text Include="Assets\Models\lightBulb.txt">
      <Filter>Resource Files\Objects</Filter>
    </Text>
  </ItemGroup>
  <ItemGroup>
    <Image Include="Assets\Textures\container.jpg">
      <Filter>Resource Files</Filter>
    </Image>
    <Image Include="Assets\Textures\light-bulb.png">
      <Filter>Resource Files</Filter>
    </Image>
    <Image Include="Assets\Textures\sun.png">
      <Filter>Resource Files</Filter>
    </Image>
  </ItemGroup>
  <ItemGroup>
    <None Include="Shaders\borderBox.frag">
      <Filter>Resource Files\Shaders</Filter>
    </None>
    <None Include="Shaders\borderBox.vert">
      <Filter>Resource Files\Shaders</Filter>
    </None>
    <None Include="Shaders\default.frag">
      <Filter>Resource Files\Shaders</Filter>
    </None>
    <None Include="Shaders\default.vert">
      <Filter>Resource Files\Shaders</Filter>
    </None>
    <None Include="Shaders\gizmos.frag">
      <Filter>Resource Files\Shaders</Filter>
    </None>
    <None Include="Shaders\gizmos.vert">
      <Filter>Resource Files\Shaders</Filter>
    </None>
    <None Include="Shaders\lighting.frag">
      <Filter>Resource Files\Shaders</Filter>
    </None>
    <None Include="Shaders\lighting.vert">
      <Filter>Resource Files\Shaders</Filter>
    </None>
    <None Include="Shaders\point.frag">
      <Filter>Resource Files\Shaders</Filter>
    </None>
    <None Include="Shaders\point.vert">
      <Filter>Resource Files\Shaders</Filter>
    </None>
    <None Include="Shaders\texture.frag">
      <Filter>Resource Files\Shaders</Filter>
    </None>
    <None Include="Shaders\texture.vert">
      <Filter>Resource Files\Shaders</Filter>
    </None>
  </ItemGroup>
</Project>